
Microsoft Visual Studio Solution File, Format Version 12.00
# Visual Studio Version 17
VisualStudioVersion = 17.1.32328.378
MinimumVisualStudioVersion = 10.0.40219.1
Project("{9A19103F-16F7-4668-BE54-9A1E7A4F7556}") = "DSALibrary.Tests", "DSALibrary.Tests\DSALibrary.Tests.csproj", "{0033280B-B695-4691-BC96-AD442A739098}"
EndProject
Project("{9A19103F-16F7-4668-BE54-9A1E7A4F7556}") = "DSALibrary", "DSALibrary\DSALibrary.csproj", "{C179D9A1-44AB-4C79-89D7-788577540807}"
EndProject
Global
	GlobalSection(SolutionConfigurationPlatforms) = preSolution
		Debug|Any CPU = Debug|Any CPU
		Release|Any CPU = Release|Any CPU
	EndGlobalSection
	GlobalSection(ProjectConfigurationPlatforms) = postSolution
		{0033280B-B695-4691-BC96-AD442A739098}.Debug|Any CPU.ActiveCfg = Debug|Any CPU
		{0033280B-B695-4691-BC96-AD442A739098}.Debug|Any CPU.Build.0 = Debug|Any CPU
		{0033280B-B695-4691-BC96-AD442A739098}.Release|Any CPU.ActiveCfg = Release|Any CPU
		{0033280B-B695-4691-BC96-AD442A739098}.Release|Any CPU.Build.0 = Release|Any CPU
		{C179D9A1-44AB-4C79-89D7-788577540807}.Debug|Any CPU.ActiveCfg = Debug|Any CPU
		{C179D9A1-44AB-4C79-89D7-788577540807}.Debug|Any CPU.Build.0 = Debug|Any CPU
		{C179D9A1-44AB-4C79-89D7-788577540807}.Release|Any CPU.ActiveCfg = Release|Any CPU
		{C179D9A1-44AB-4C79-89D7-788577540807}.Release|Any CPU.Build.0 = Release|Any CPU
	EndGlobalSection
	GlobalSection(SolutionProperties) = preSolution
		HideSolutionNode = FALSE
	EndGlobalSection
	GlobalSection(ExtensibilityGlobals) = postSolution
		SolutionGuid = {18A21AB3-33FA-49AF-B7B2-898693DA9008}
	EndGlobalSection
EndGlobal
